
Microsoft Visual Studio Solution File, Format Version 12.00
# Visual Studio Version 17
VisualStudioVersion = 17.4.33213.308
MinimumVisualStudioVersion = 10.0.40219.1
Project("{FAE04EC0-301F-11D3-BF4B-00C04F79EFBC}") = "receptek-backend", "receptek-backend\receptek-backend.csproj", "{A39E151F-5F38-44AF-920B-9450034845E7}"
EndProject
Global
	GlobalSection(SolutionConfigurationPlatforms) = preSolution
		Debug|Any CPU = Debug|Any CPU
		Release|Any CPU = Release|Any CPU
	EndGlobalSection
	GlobalSection(ProjectConfigurationPlatforms) = postSolution
		{A39E151F-5F38-44AF-920B-9450034845E7}.Debug|Any CPU.ActiveCfg = Debug|Any CPU
		{A39E151F-5F38-44AF-920B-9450034845E7}.Debug|Any CPU.Build.0 = Debug|Any CPU
		{A39E151F-5F38-44AF-920B-9450034845E7}.Release|Any CPU.ActiveCfg = Release|Any CPU
		{A39E151F-5F38-44AF-920B-9450034845E7}.Release|Any CPU.Build.0 = Release|Any CPU
	EndGlobalSection
	GlobalSection(SolutionProperties) = preSolution
		HideSolutionNode = FALSE
	EndGlobalSection
	GlobalSection(ExtensibilityGlobals) = postSolution
		SolutionGuid = {6498950F-6096-4632-A5A3-FDD7D80DEAE3}
	EndGlobalSection
EndGlobal
